{
  "name": "calculator_bordalex28",
  "version": "1.0.0",
  "lockfileVersion": 3,
  "requires": true,
  "packages": {
    "": {
      "name": "calculator_bordalex28",
      "version": "1.0.0",
      "license": "ISC",
      "dependencies": {
        "calculator_bordalex28": "^1.0.0"
      }
    },
    "node_modules/calculator_bordalex28": {
      "version": "1.0.0",
      "resolved": "https://registry.npmjs.org/calculator_bordalex28/-/calculator_bordalex28-1.0.0.tgz",
      "integrity": "sha512-3mCbGhE2x7UFgr9Zpg610v9d+Kz3zMSO52Q1UU4zzEipb4x5MEsJk57cljmOh8n1g1Xc7d9ehBKBQP9hZCwZbA=="
    }
  }
}
